
Microsoft Visual Studio Solution File, Format Version 12.00
# Visual Studio Version 17
VisualStudioVersion = 17.2.32616.157
MinimumVisualStudioVersion = 10.0.40219.1
Project("{FAE04EC0-301F-11D3-BF4B-00C04F79EFBC}") = "Asp.NetCoreIdentityCustom", "Asp.NetCoreIdentityCustom\Asp.NetCoreIdentityCustom.csproj", "{53453C87-D221-4FB3-9FA1-AD1275470D8B}"
EndProject
Global
	GlobalSection(SolutionConfigurationPlatforms) = preSolution
		Debug|Any CPU = Debug|Any CPU
		Release|Any CPU = Release|Any CPU
	EndGlobalSection
	GlobalSection(ProjectConfigurationPlatforms) = postSolution
		{53453C87-D221-4FB3-9FA1-AD1275470D8B}.Debug|Any CPU.ActiveCfg = Debug|Any CPU
		{53453C87-D221-4FB3-9FA1-AD1275470D8B}.Debug|Any CPU.Build.0 = Debug|Any CPU
		{53453C87-D221-4FB3-9FA1-AD1275470D8B}.Release|Any CPU.ActiveCfg = Release|Any CPU
		{53453C87-D221-4FB3-9FA1-AD1275470D8B}.Release|Any CPU.Build.0 = Release|Any CPU
	EndGlobalSection
	GlobalSection(SolutionProperties) = preSolution
		HideSolutionNode = FALSE
	EndGlobalSection
	GlobalSection(ExtensibilityGlobals) = postSolution
		SolutionGuid = {065F70AA-495A-4024-B823-0462B7ED681D}
	EndGlobalSection
EndGlobal
